
Microsoft Visual Studio Solution File, Format Version 12.00
# Visual Studio Version 17
VisualStudioVersion = 17.2.32516.85
MinimumVisualStudioVersion = 10.0.40219.1
Project("{9A19103F-16F7-4668-BE54-9A1E7A4F7556}") = "MySafeDiary.Web", "MySafeDiary.Web\MySafeDiary.Web.csproj", "{66203E8C-D48E-4149-8E7A-6DA372A645F0}"
EndProject
Project("{9A19103F-16F7-4668-BE54-9A1E7A4F7556}") = "MySafeDiary.Domain", "MySafeDiary.Domain\MySafeDiary.Domain.csproj", "{7049B015-002D-4050-A33A-B8C62ED2B215}"
EndProject
Project("{9A19103F-16F7-4668-BE54-9A1E7A4F7556}") = "MySafeDiary.Data", "MySafeDiary.Data\MySafeDiary.Data.csproj", "{A04F440A-8193-4E7A-A9AC-D30EF80628E5}"
EndProject
Project("{FAE04EC0-301F-11D3-BF4B-00C04F79EFBC}") = "MySafeDiary.Infrastructure", "Infrastructure\MySafeDiary.Infrastructure.csproj", "{D56481D9-428F-49B7-B53B-D536FE258A5F}"
EndProject
Global
	GlobalSection(SolutionConfigurationPlatforms) = preSolution
		Debug|Any CPU = Debug|Any CPU
		Release|Any CPU = Release|Any CPU
	EndGlobalSection
	GlobalSection(ProjectConfigurationPlatforms) = postSolution
		{66203E8C-D48E-4149-8E7A-6DA372A645F0}.Debug|Any CPU.ActiveCfg = Debug|Any CPU
		{66203E8C-D48E-4149-8E7A-6DA372A645F0}.Debug|Any CPU.Build.0 = Debug|Any CPU
		{66203E8C-D48E-4149-8E7A-6DA372A645F0}.Release|Any CPU.ActiveCfg = Release|Any CPU
		{66203E8C-D48E-4149-8E7A-6DA372A645F0}.Release|Any CPU.Build.0 = Release|Any CPU
		{7049B015-002D-4050-A33A-B8C62ED2B215}.Debug|Any CPU.ActiveCfg = Debug|Any CPU
		{7049B015-002D-4050-A33A-B8C62ED2B215}.Debug|Any CPU.Build.0 = Debug|Any CPU
		{7049B015-002D-4050-A33A-B8C62ED2B215}.Release|Any CPU.ActiveCfg = Release|Any CPU
		{7049B015-002D-4050-A33A-B8C62ED2B215}.Release|Any CPU.Build.0 = Release|Any CPU
		{A04F440A-8193-4E7A-A9AC-D30EF80628E5}.Debug|Any CPU.ActiveCfg = Debug|Any CPU
		{A04F440A-8193-4E7A-A9AC-D30EF80628E5}.Debug|Any CPU.Build.0 = Debug|Any CPU
		{A04F440A-8193-4E7A-A9AC-D30EF80628E5}.Release|Any CPU.ActiveCfg = Release|Any CPU
		{A04F440A-8193-4E7A-A9AC-D30EF80628E5}.Release|Any CPU.Build.0 = Release|Any CPU
		{D56481D9-428F-49B7-B53B-D536FE258A5F}.Debug|Any CPU.ActiveCfg = Debug|Any CPU
		{D56481D9-428F-49B7-B53B-D536FE258A5F}.Debug|Any CPU.Build.0 = Debug|Any CPU
		{D56481D9-428F-49B7-B53B-D536FE258A5F}.Release|Any CPU.ActiveCfg = Release|Any CPU
		{D56481D9-428F-49B7-B53B-D536FE258A5F}.Release|Any CPU.Build.0 = Release|Any CPU
	EndGlobalSection
	GlobalSection(SolutionProperties) = preSolution
		HideSolutionNode = FALSE
	EndGlobalSection
	GlobalSection(ExtensibilityGlobals) = postSolution
		SolutionGuid = {DB9B2FB9-6EC7-47B3-9AEA-EAB01598A02A}
	EndGlobalSection
EndGlobal
